
Microsoft Visual Studio Solution File, Format Version 12.00
# Visual Studio Version 16
VisualStudioVersion = 25.0.1700.2
MinimumVisualStudioVersion = 10.0.40219.1
Project("{FAE04EC0-301F-11D3-BF4B-00C04F79EFBC}") = "AutomobileLibrary", "AutomobileLibrary\AutomobileLibrary.csproj", "{ECDBEEA6-19EF-4D2A-A96A-D6B2CA3FF93C}"
EndProject
Global
	GlobalSection(SolutionConfigurationPlatforms) = preSolution
		Debug|Any CPU = Debug|Any CPU
		Release|Any CPU = Release|Any CPU
	EndGlobalSection
	GlobalSection(ProjectConfigurationPlatforms) = postSolution
		{ECDBEEA6-19EF-4D2A-A96A-D6B2CA3FF93C}.Debug|Any CPU.ActiveCfg = Debug|Any CPU
		{ECDBEEA6-19EF-4D2A-A96A-D6B2CA3FF93C}.Debug|Any CPU.Build.0 = Debug|Any CPU
		{ECDBEEA6-19EF-4D2A-A96A-D6B2CA3FF93C}.Release|Any CPU.ActiveCfg = Release|Any CPU
		{ECDBEEA6-19EF-4D2A-A96A-D6B2CA3FF93C}.Release|Any CPU.Build.0 = Release|Any CPU
	EndGlobalSection
	GlobalSection(SolutionProperties) = preSolution
		HideSolutionNode = FALSE
	EndGlobalSection
	GlobalSection(ExtensibilityGlobals) = postSolution
		SolutionGuid = {45754586-C91F-465B-A8A1-FA2CE08C8671}
	EndGlobalSection
EndGlobal
